
Microsoft Visual Studio Solution File, Format Version 12.00
# Visual Studio Version 17
VisualStudioVersion = 17.4.33122.133
MinimumVisualStudioVersion = 10.0.40219.1
Project("{FAE04EC0-301F-11D3-BF4B-00C04F79EFBC}") = "software config", "software config\software config.csproj", "{83F778AA-EF65-422B-8D86-BA593E747355}"
EndProject
Global
	GlobalSection(SolutionConfigurationPlatforms) = preSolution
		Debug|Any CPU = Debug|Any CPU
		Release|Any CPU = Release|Any CPU
	EndGlobalSection
	GlobalSection(ProjectConfigurationPlatforms) = postSolution
		{83F778AA-EF65-422B-8D86-BA593E747355}.Debug|Any CPU.ActiveCfg = Debug|Any CPU
		{83F778AA-EF65-422B-8D86-BA593E747355}.Debug|Any CPU.Build.0 = Debug|Any CPU
		{83F778AA-EF65-422B-8D86-BA593E747355}.Release|Any CPU.ActiveCfg = Release|Any CPU
		{83F778AA-EF65-422B-8D86-BA593E747355}.Release|Any CPU.Build.0 = Release|Any CPU
	EndGlobalSection
	GlobalSection(SolutionProperties) = preSolution
		HideSolutionNode = FALSE
	EndGlobalSection
	GlobalSection(ExtensibilityGlobals) = postSolution
		SolutionGuid = {CE3FE814-DEF8-42B0-A562-A92C7ADFADF1}
	EndGlobalSection
EndGlobal
